
Microsoft Visual Studio Solution File, Format Version 12.00
# Visual Studio Version 17
VisualStudioVersion = 17.0.31903.59
MinimumVisualStudioVersion = 10.0.40219.1
Project("{2150E333-8FDC-42A3-9474-1A3956D46DE8}") = "src", "src", "{827E0CD3-B72D-47B6-A68D-7590B98EB39B}"
EndProject
Project("{FAE04EC0-301F-11D3-BF4B-00C04F79EFBC}") = "SignUniversal.Core", "src\SignUniversal.Core\SignUniversal.Core.csproj", "{04A0F93D-E560-4700-B2BE-A673C618FA0D}"
EndProject
Project("{FAE04EC0-301F-11D3-BF4B-00C04F79EFBC}") = "SignUniversal.Cli", "src\SignUniversal.Cli\SignUniversal.Cli.csproj", "{EAD3B70F-681F-43A4-85F2-5483CD4CFB98}"
EndProject
Project("{2150E333-8FDC-42A3-9474-1A3956D46DE8}") = "test", "test", "{0C88DD14-F956-CE84-757C-A364CCF449FC}"
EndProject
Project("{FAE04EC0-301F-11D3-BF4B-00C04F79EFBC}") = "SignUniversal.Core.Tests", "test\SignUniversal.Core.Tests\SignUniversal.Core.Tests.csproj", "{B0A75B79-2487-435C-8414-F2E22632F204}"
EndProject
Global
	GlobalSection(SolutionConfigurationPlatforms) = preSolution
		Debug|Any CPU = Debug|Any CPU
		Debug|x64 = Debug|x64
		Debug|x86 = Debug|x86
		Release|Any CPU = Release|Any CPU
		Release|x64 = Release|x64
		Release|x86 = Release|x86
	EndGlobalSection
	GlobalSection(ProjectConfigurationPlatforms) = postSolution
		{04A0F93D-E560-4700-B2BE-A673C618FA0D}.Debug|Any CPU.ActiveCfg = Debug|Any CPU
		{04A0F93D-E560-4700-B2BE-A673C618FA0D}.Debug|Any CPU.Build.0 = Debug|Any CPU
		{04A0F93D-E560-4700-B2BE-A673C618FA0D}.Debug|x64.ActiveCfg = Debug|Any CPU
		{04A0F93D-E560-4700-B2BE-A673C618FA0D}.Debug|x64.Build.0 = Debug|Any CPU
		{04A0F93D-E560-4700-B2BE-A673C618FA0D}.Debug|x86.ActiveCfg = Debug|Any CPU
		{04A0F93D-E560-4700-B2BE-A673C618FA0D}.Debug|x86.Build.0 = Debug|Any CPU
		{04A0F93D-E560-4700-B2BE-A673C618FA0D}.Release|Any CPU.ActiveCfg = Release|Any CPU
		{04A0F93D-E560-4700-B2BE-A673C618FA0D}.Release|Any CPU.Build.0 = Release|Any CPU
		{04A0F93D-E560-4700-B2BE-A673C618FA0D}.Release|x64.ActiveCfg = Release|Any CPU
		{04A0F93D-E560-4700-B2BE-A673C618FA0D}.Release|x64.Build.0 = Release|Any CPU
		{04A0F93D-E560-4700-B2BE-A673C618FA0D}.Release|x86.ActiveCfg = Release|Any CPU
		{04A0F93D-E560-4700-B2BE-A673C618FA0D}.Release|x86.Build.0 = Release|Any CPU
		{EAD3B70F-681F-43A4-85F2-5483CD4CFB98}.Debug|Any CPU.ActiveCfg = Debug|Any CPU
		{EAD3B70F-681F-43A4-85F2-5483CD4CFB98}.Debug|Any CPU.Build.0 = Debug|Any CPU
		{EAD3B70F-681F-43A4-85F2-5483CD4CFB98}.Debug|x64.ActiveCfg = Debug|Any CPU
		{EAD3B70F-681F-43A4-85F2-5483CD4CFB98}.Debug|x64.Build.0 = Debug|Any CPU
		{EAD3B70F-681F-43A4-85F2-5483CD4CFB98}.Debug|x86.ActiveCfg = Debug|Any CPU
		{EAD3B70F-681F-43A4-85F2-5483CD4CFB98}.Debug|x86.Build.0 = Debug|Any CPU
		{EAD3B70F-681F-43A4-85F2-5483CD4CFB98}.Release|Any CPU.ActiveCfg = Release|Any CPU
		{EAD3B70F-681F-43A4-85F2-5483CD4CFB98}.Release|Any CPU.Build.0 = Release|Any CPU
		{EAD3B70F-681F-43A4-85F2-5483CD4CFB98}.Release|x64.ActiveCfg = Release|Any CPU
		{EAD3B70F-681F-43A4-85F2-5483CD4CFB98}.Release|x64.Build.0 = Release|Any CPU
		{EAD3B70F-681F-43A4-85F2-5483CD4CFB98}.Release|x86.ActiveCfg = Release|Any CPU
		{EAD3B70F-681F-43A4-85F2-5483CD4CFB98}.Release|x86.Build.0 = Release|Any CPU
		{B0A75B79-2487-435C-8414-F2E22632F204}.Debug|Any CPU.ActiveCfg = Debug|Any CPU
		{B0A75B79-2487-435C-8414-F2E22632F204}.Debug|Any CPU.Build.0 = Debug|Any CPU
		{B0A75B79-2487-435C-8414-F2E22632F204}.Debug|x64.ActiveCfg = Debug|Any CPU
		{B0A75B79-2487-435C-8414-F2E22632F204}.Debug|x64.Build.0 = Debug|Any CPU
		{B0A75B79-2487-435C-8414-F2E22632F204}.Debug|x86.ActiveCfg = Debug|Any CPU
		{B0A75B79-2487-435C-8414-F2E22632F204}.Debug|x86.Build.0 = Debug|Any CPU
		{B0A75B79-2487-435C-8414-F2E22632F204}.Release|Any CPU.ActiveCfg = Release|Any CPU
		{B0A75B79-2487-435C-8414-F2E22632F204}.Release|Any CPU.Build.0 = Release|Any CPU
		{B0A75B79-2487-435C-8414-F2E22632F204}.Release|x64.ActiveCfg = Release|Any CPU
		{B0A75B79-2487-435C-8414-F2E22632F204}.Release|x64.Build.0 = Release|Any CPU
		{B0A75B79-2487-435C-8414-F2E22632F204}.Release|x86.ActiveCfg = Release|Any CPU
		{B0A75B79-2487-435C-8414-F2E22632F204}.Release|x86.Build.0 = Release|Any CPU
	EndGlobalSection
	GlobalSection(SolutionProperties) = preSolution
		HideSolutionNode = FALSE
	EndGlobalSection
	GlobalSection(NestedProjects) = preSolution
		{04A0F93D-E560-4700-B2BE-A673C618FA0D} = {827E0CD3-B72D-47B6-A68D-7590B98EB39B}
		{EAD3B70F-681F-43A4-85F2-5483CD4CFB98} = {827E0CD3-B72D-47B6-A68D-7590B98EB39B}
		{B0A75B79-2487-435C-8414-F2E22632F204} = {0C88DD14-F956-CE84-757C-A364CCF449FC}
	EndGlobalSection
EndGlobal
