
Microsoft Visual Studio Solution File, Format Version 12.00
# Visual Studio Version 17
VisualStudioVersion = 17.0.31903.59
MinimumVisualStudioVersion = 10.0.40219.1
Project("{2150E333-8FDC-42A3-9474-1A3956D46DE8}") = "src", "src", "{827E0CD3-B72D-47B6-A68D-7590B98EB39B}"
EndProject
Project("{FAE04EC0-301F-11D3-BF4B-00C04F79EFBC}") = "SignUniversal", "src\SignUniversal\SignUniversal.csproj", "{C0C94AB9-DE49-486C-82A6-97FD28485141}"
EndProject
Project("{FAE04EC0-301F-11D3-BF4B-00C04F79EFBC}") = "SignUniversal.Azure", "src\SignUniversal.Azure\SignUniversal.Azure.csproj", "{3754D162-DA3B-4E22-B7E9-8EA23DAA4D51}"
EndProject
Project("{FAE04EC0-301F-11D3-BF4B-00C04F79EFBC}") = "SignUniversal.NuGet", "src\SignUniversal.NuGet\SignUniversal.NuGet.csproj", "{8656A451-776E-40DD-8359-D11CAE34213C}"
EndProject
Project("{FAE04EC0-301F-11D3-BF4B-00C04F79EFBC}") = "SignUniversal.Cli", "src\SignUniversal.Cli\SignUniversal.Cli.csproj", "{AC21378B-4736-425C-B39D-5B1017F4D770}"
EndProject
Project("{2150E333-8FDC-42A3-9474-1A3956D46DE8}") = "test", "test", "{0C88DD14-F956-CE84-757C-A364CCF449FC}"
EndProject
Project("{FAE04EC0-301F-11D3-BF4B-00C04F79EFBC}") = "SignUniversal.Core.Tests", "test\SignUniversal.Core.Tests\SignUniversal.Core.Tests.csproj", "{241D8CEC-13CD-4F81-928F-FA5CDDE032F3}"
EndProject
Global
	GlobalSection(SolutionConfigurationPlatforms) = preSolution
		Debug|Any CPU = Debug|Any CPU
		Debug|x64 = Debug|x64
		Debug|x86 = Debug|x86
		Release|Any CPU = Release|Any CPU
		Release|x64 = Release|x64
		Release|x86 = Release|x86
	EndGlobalSection
	GlobalSection(ProjectConfigurationPlatforms) = postSolution
		{C0C94AB9-DE49-486C-82A6-97FD28485141}.Debug|Any CPU.ActiveCfg = Debug|Any CPU
		{C0C94AB9-DE49-486C-82A6-97FD28485141}.Debug|Any CPU.Build.0 = Debug|Any CPU
		{C0C94AB9-DE49-486C-82A6-97FD28485141}.Debug|x64.ActiveCfg = Debug|Any CPU
		{C0C94AB9-DE49-486C-82A6-97FD28485141}.Debug|x64.Build.0 = Debug|Any CPU
		{C0C94AB9-DE49-486C-82A6-97FD28485141}.Debug|x86.ActiveCfg = Debug|Any CPU
		{C0C94AB9-DE49-486C-82A6-97FD28485141}.Debug|x86.Build.0 = Debug|Any CPU
		{C0C94AB9-DE49-486C-82A6-97FD28485141}.Release|Any CPU.ActiveCfg = Release|Any CPU
		{C0C94AB9-DE49-486C-82A6-97FD28485141}.Release|Any CPU.Build.0 = Release|Any CPU
		{C0C94AB9-DE49-486C-82A6-97FD28485141}.Release|x64.ActiveCfg = Release|Any CPU
		{C0C94AB9-DE49-486C-82A6-97FD28485141}.Release|x64.Build.0 = Release|Any CPU
		{C0C94AB9-DE49-486C-82A6-97FD28485141}.Release|x86.ActiveCfg = Release|Any CPU
		{C0C94AB9-DE49-486C-82A6-97FD28485141}.Release|x86.Build.0 = Release|Any CPU
		{3754D162-DA3B-4E22-B7E9-8EA23DAA4D51}.Debug|Any CPU.ActiveCfg = Debug|Any CPU
		{3754D162-DA3B-4E22-B7E9-8EA23DAA4D51}.Debug|Any CPU.Build.0 = Debug|Any CPU
		{3754D162-DA3B-4E22-B7E9-8EA23DAA4D51}.Debug|x64.ActiveCfg = Debug|Any CPU
		{3754D162-DA3B-4E22-B7E9-8EA23DAA4D51}.Debug|x64.Build.0 = Debug|Any CPU
		{3754D162-DA3B-4E22-B7E9-8EA23DAA4D51}.Debug|x86.ActiveCfg = Debug|Any CPU
		{3754D162-DA3B-4E22-B7E9-8EA23DAA4D51}.Debug|x86.Build.0 = Debug|Any CPU
		{3754D162-DA3B-4E22-B7E9-8EA23DAA4D51}.Release|Any CPU.ActiveCfg = Release|Any CPU
		{3754D162-DA3B-4E22-B7E9-8EA23DAA4D51}.Release|Any CPU.Build.0 = Release|Any CPU
		{3754D162-DA3B-4E22-B7E9-8EA23DAA4D51}.Release|x64.ActiveCfg = Release|Any CPU
		{3754D162-DA3B-4E22-B7E9-8EA23DAA4D51}.Release|x64.Build.0 = Release|Any CPU
		{3754D162-DA3B-4E22-B7E9-8EA23DAA4D51}.Release|x86.ActiveCfg = Release|Any CPU
		{3754D162-DA3B-4E22-B7E9-8EA23DAA4D51}.Release|x86.Build.0 = Release|Any CPU
		{8656A451-776E-40DD-8359-D11CAE34213C}.Debug|Any CPU.ActiveCfg = Debug|Any CPU
		{8656A451-776E-40DD-8359-D11CAE34213C}.Debug|Any CPU.Build.0 = Debug|Any CPU
		{8656A451-776E-40DD-8359-D11CAE34213C}.Debug|x64.ActiveCfg = Debug|Any CPU
		{8656A451-776E-40DD-8359-D11CAE34213C}.Debug|x64.Build.0 = Debug|Any CPU
		{8656A451-776E-40DD-8359-D11CAE34213C}.Debug|x86.ActiveCfg = Debug|Any CPU
		{8656A451-776E-40DD-8359-D11CAE34213C}.Debug|x86.Build.0 = Debug|Any CPU
		{8656A451-776E-40DD-8359-D11CAE34213C}.Release|Any CPU.ActiveCfg = Release|Any CPU
		{8656A451-776E-40DD-8359-D11CAE34213C}.Release|Any CPU.Build.0 = Release|Any CPU
		{8656A451-776E-40DD-8359-D11CAE34213C}.Release|x64.ActiveCfg = Release|Any CPU
		{8656A451-776E-40DD-8359-D11CAE34213C}.Release|x64.Build.0 = Release|Any CPU
		{8656A451-776E-40DD-8359-D11CAE34213C}.Release|x86.ActiveCfg = Release|Any CPU
		{8656A451-776E-40DD-8359-D11CAE34213C}.Release|x86.Build.0 = Release|Any CPU
		{AC21378B-4736-425C-B39D-5B1017F4D770}.Debug|Any CPU.ActiveCfg = Debug|Any CPU
		{AC21378B-4736-425C-B39D-5B1017F4D770}.Debug|Any CPU.Build.0 = Debug|Any CPU
		{AC21378B-4736-425C-B39D-5B1017F4D770}.Debug|x64.ActiveCfg = Debug|Any CPU
		{AC21378B-4736-425C-B39D-5B1017F4D770}.Debug|x64.Build.0 = Debug|Any CPU
		{AC21378B-4736-425C-B39D-5B1017F4D770}.Debug|x86.ActiveCfg = Debug|Any CPU
		{AC21378B-4736-425C-B39D-5B1017F4D770}.Debug|x86.Build.0 = Debug|Any CPU
		{AC21378B-4736-425C-B39D-5B1017F4D770}.Release|Any CPU.ActiveCfg = Release|Any CPU
		{AC21378B-4736-425C-B39D-5B1017F4D770}.Release|Any CPU.Build.0 = Release|Any CPU
		{AC21378B-4736-425C-B39D-5B1017F4D770}.Release|x64.ActiveCfg = Release|Any CPU
		{AC21378B-4736-425C-B39D-5B1017F4D770}.Release|x64.Build.0 = Release|Any CPU
		{AC21378B-4736-425C-B39D-5B1017F4D770}.Release|x86.ActiveCfg = Release|Any CPU
		{AC21378B-4736-425C-B39D-5B1017F4D770}.Release|x86.Build.0 = Release|Any CPU
		{241D8CEC-13CD-4F81-928F-FA5CDDE032F3}.Debug|Any CPU.ActiveCfg = Debug|Any CPU
		{241D8CEC-13CD-4F81-928F-FA5CDDE032F3}.Debug|Any CPU.Build.0 = Debug|Any CPU
		{241D8CEC-13CD-4F81-928F-FA5CDDE032F3}.Debug|x64.ActiveCfg = Debug|Any CPU
		{241D8CEC-13CD-4F81-928F-FA5CDDE032F3}.Debug|x64.Build.0 = Debug|Any CPU
		{241D8CEC-13CD-4F81-928F-FA5CDDE032F3}.Debug|x86.ActiveCfg = Debug|Any CPU
		{241D8CEC-13CD-4F81-928F-FA5CDDE032F3}.Debug|x86.Build.0 = Debug|Any CPU
		{241D8CEC-13CD-4F81-928F-FA5CDDE032F3}.Release|Any CPU.ActiveCfg = Release|Any CPU
		{241D8CEC-13CD-4F81-928F-FA5CDDE032F3}.Release|Any CPU.Build.0 = Release|Any CPU
		{241D8CEC-13CD-4F81-928F-FA5CDDE032F3}.Release|x64.ActiveCfg = Release|Any CPU
		{241D8CEC-13CD-4F81-928F-FA5CDDE032F3}.Release|x64.Build.0 = Release|Any CPU
		{241D8CEC-13CD-4F81-928F-FA5CDDE032F3}.Release|x86.ActiveCfg = Release|Any CPU
		{241D8CEC-13CD-4F81-928F-FA5CDDE032F3}.Release|x86.Build.0 = Release|Any CPU
	EndGlobalSection
	GlobalSection(SolutionProperties) = preSolution
		HideSolutionNode = FALSE
	EndGlobalSection
	GlobalSection(NestedProjects) = preSolution
		{C0C94AB9-DE49-486C-82A6-97FD28485141} = {827E0CD3-B72D-47B6-A68D-7590B98EB39B}
		{3754D162-DA3B-4E22-B7E9-8EA23DAA4D51} = {827E0CD3-B72D-47B6-A68D-7590B98EB39B}
		{8656A451-776E-40DD-8359-D11CAE34213C} = {827E0CD3-B72D-47B6-A68D-7590B98EB39B}
		{AC21378B-4736-425C-B39D-5B1017F4D770} = {827E0CD3-B72D-47B6-A68D-7590B98EB39B}
		{241D8CEC-13CD-4F81-928F-FA5CDDE032F3} = {0C88DD14-F956-CE84-757C-A364CCF449FC}
	EndGlobalSection
EndGlobal
